// !$*UTF8*$!
{
	archiveVersion = 1;
	classes = {
	};
	objectVersion = 56;
	objects = {

/* Begin PBXBuildFile section */
		305B92652AFB102700553A5D /* AppDelegate.swift in Sources */ = {isa = PBXBuildFile; fileRef = 305B92642AFB102700553A5D /* AppDelegate.swift */; };
		305B92672AFB102700553A5D /* SceneDelegate.swift in Sources */ = {isa = PBXBuildFile; fileRef = 305B92662AFB102700553A5D /* SceneDelegate.swift */; };
		305B92692AFB102700553A5D /* ViewController.swift in Sources */ = {isa = PBXBuildFile; fileRef = 305B92682AFB102700553A5D /* ViewController.swift */; };
		305B926C2AFB102700553A5D /* Main.storyboard in Resources */ = {isa = PBXBuildFile; fileRef = 305B926A2AFB102700553A5D /* Main.storyboard */; };
		305B926E2AFB102800553A5D /* Assets.xcassets in Resources */ = {isa = PBXBuildFile; fileRef = 305B926D2AFB102800553A5D /* Assets.xcassets */; };
		305B92712AFB102800553A5D /* LaunchScreen.storyboard in Resources */ = {isa = PBXBuildFile; fileRef = 305B926F2AFB102800553A5D /* LaunchScreen.storyboard */; };
		305B927C2AFB102800553A5D /* AppAutosTests.swift in Sources */ = {isa = PBXBuildFile; fileRef = 305B927B2AFB102800553A5D /* AppAutosTests.swift */; };
		305B92862AFB102800553A5D /* AppAutosUITests.swift in Sources */ = {isa = PBXBuildFile; fileRef = 305B92852AFB102800553A5D /* AppAutosUITests.swift */; };
		305B92882AFB102800553A5D /* AppAutosUITestsLaunchTests.swift in Sources */ = {isa = PBXBuildFile; fileRef = 305B92872AFB102800553A5D /* AppAutosUITestsLaunchTests.swift */; };
		305B92952AFB117600553A5D /* Autos.swift in Sources */ = {isa = PBXBuildFile; fileRef = 305B92942AFB117600553A5D /* Autos.swift */; };
		30FA9AE32AFB4D67001DC8E1 /* ViewControllerDetalle.swift in Sources */ = {isa = PBXBuildFile; fileRef = 30FA9AE22AFB4D67001DC8E1 /* ViewControllerDetalle.swift */; };
		30FA9AE52AFB6389001DC8E1 /* ViewControllerMaps.swift in Sources */ = {isa = PBXBuildFile; fileRef = 30FA9AE42AFB6389001DC8E1 /* ViewControllerMaps.swift */; };
/* End PBXBuildFile section */

/* Begin PBXContainerItemProxy section */
		305B92782AFB102800553A5D /* PBXContainerItemProxy */ = {
			isa = PBXContainerItemProxy;
			containerPortal = 305B92592AFB102700553A5D /* Project object */;
			proxyType = 1;
			remoteGlobalIDString = 305B92602AFB102700553A5D;
			remoteInfo = AppAutos;
		};
		305B92822AFB102800553A5D /* PBXContainerItemProxy */ = {
			isa = PBXContainerItemProxy;
			containerPortal = 305B92592AFB102700553A5D /* Project object */;
			proxyType = 1;
			remoteGlobalIDString = 305B92602AFB102700553A5D;
			remoteInfo = AppAutos;
		};
/* End PBXContainerItemProxy section */

/* Begin PBXFileReference section */
		305B92612AFB102700553A5D /* AppAutos.app */ = {isa = PBXFileReference; explicitFileType = wrapper.application; includeInIndex = 0; path = AppAutos.app; sourceTree = BUILT_PRODUCTS_DIR; };
		305B92642AFB102700553A5D /* AppDelegate.swift */ = {isa = PBXFileReference; lastKnownFileType = sourcecode.swift; path = AppDelegate.swift; sourceTree = "<group>"; };
		305B92662AFB102700553A5D /* SceneDelegate.swift */ = {isa = PBXFileReference; lastKnownFileType = sourcecode.swift; path = SceneDelegate.swift; sourceTree = "<group>"; };
		305B92682AFB102700553A5D /* ViewController.swift */ = {isa = PBXFileReference; lastKnownFileType = sourcecode.swift; path = ViewController.swift; sourceTree = "<group>"; };
		305B926B2AFB102700553A5D /* Base */ = {isa = PBXFileReference; lastKnownFileType = file.storyboard; name = Base; path = Base.lproj/Main.storyboard; sourceTree = "<group>"; };
		305B926D2AFB102800553A5D /* Assets.xcassets */ = {isa = PBXFileReference; lastKnownFileType = folder.assetcatalog; path = Assets.xcassets; sourceTree = "<group>"; };
		305B92702AFB102800553A5D /* Base */ = {isa = PBXFileReference; lastKnownFileType = file.storyboard; name = Base; path = Base.lproj/LaunchScreen.storyboard; sourceTree = "<group>"; };
		305B92722AFB102800553A5D /* Info.plist */ = {isa = PBXFileReference; lastKnownFileType = text.plist.xml; path = Info.plist; sourceTree = "<group>"; };
		305B92772AFB102800553A5D /* AppAutosTests.xctest */ = {isa = PBXFileReference; explicitFileType = wrapper.cfbundle; includeInIndex = 0; path = AppAutosTests.xctest; sourceTree = BUILT_PRODUCTS_DIR; };
		305B927B2AFB102800553A5D /* AppAutosTests.swift */ = {isa = PBXFileReference; lastKnownFileType = sourcecode.swift; path = AppAutosTests.swift; sourceTree = "<group>"; };
		305B92812AFB102800553A5D /* AppAutosUITests.xctest */ = {isa = PBXFileReference; explicitFileType = wrapper.cfbundle; includeInIndex = 0; path = AppAutosUITests.xctest; sourceTree = BUILT_PRODUCTS_DIR; };
		305B92852AFB102800553A5D /* AppAutosUITests.swift */ = {isa = PBXFileReference; lastKnownFileType = sourcecode.swift; path = AppAutosUITests.swift; sourceTree = "<group>"; };
		305B92872AFB102800553A5D /* AppAutosUITestsLaunchTests.swift */ = {isa = PBXFileReference; lastKnownFileType = sourcecode.swift; path = AppAutosUITestsLaunchTests.swift; sourceTree = "<group>"; };
		305B92942AFB117600553A5D /* Autos.swift */ = {isa = PBXFileReference; lastKnownFileType = sourcecode.swift; path = Autos.swift; sourceTree = "<group>"; };
		30FA9AE22AFB4D67001DC8E1 /* ViewControllerDetalle.swift */ = {isa = PBXFileReference; lastKnownFileType = sourcecode.swift; path = ViewControllerDetalle.swift; sourceTree = "<group>"; };
		30FA9AE42AFB6389001DC8E1 /* ViewControllerMaps.swift */ = {isa = PBXFileReference; lastKnownFileType = sourcecode.swift; path = ViewControllerMaps.swift; sourceTree = "<group>"; };
/* End PBXFileReference section */

/* Begin PBXFrameworksBuildPhase section */
		305B925E2AFB102700553A5D /* Frameworks */ = {
			isa = PBXFrameworksBuildPhase;
			buildActionMask = 2147483647;
			files = (
			);
			runOnlyForDeploymentPostprocessing = 0;
		};
		305B92742AFB102800553A5D /* Frameworks */ = {
			isa = PBXFrameworksBuildPhase;
			buildActionMask = 2147483647;
			files = (
			);
			runOnlyForDeploymentPostprocessing = 0;
		};
		305B927E2AFB102800553A5D /* Frameworks */ = {
			isa = PBXFrameworksBuildPhase;
			buildActionMask = 2147483647;
			files = (
			);
			runOnlyForDeploymentPostprocessing = 0;
		};
/* End PBXFrameworksBuildPhase section */

/* Begin PBXGroup section */
		305B92582AFB102700553A5D = {
			isa = PBXGroup;
			children = (
				305B92632AFB102700553A5D /* AppAutos */,
				305B927A2AFB102800553A5D /* AppAutosTests */,
				305B92842AFB102800553A5D /* AppAutosUITests */,
				305B92622AFB102700553A5D /* Products */,
			);
			sourceTree = "<group>";
		};
		305B92622AFB102700553A5D /* Products */ = {
			isa = PBXGroup;
			children = (
				305B92612AFB102700553A5D /* AppAutos.app */,
				305B92772AFB102800553A5D /* AppAutosTests.xctest */,
				305B92812AFB102800553A5D /* AppAutosUITests.xctest */,
			);
			name = Products;
			sourceTree = "<group>";
		};
		305B92632AFB102700553A5D /* AppAutos */ = {
			isa = PBXGroup;
			children = (
				305B92642AFB102700553A5D /* AppDelegate.swift */,
				305B92662AFB102700553A5D /* SceneDelegate.swift */,
				305B92682AFB102700553A5D /* ViewController.swift */,
				30FA9AE42AFB6389001DC8E1 /* ViewControllerMaps.swift */,
				305B92942AFB117600553A5D /* Autos.swift */,
				305B926A2AFB102700553A5D /* Main.storyboard */,
				30FA9AE22AFB4D67001DC8E1 /* ViewControllerDetalle.swift */,
				305B926D2AFB102800553A5D /* Assets.xcassets */,
				305B926F2AFB102800553A5D /* LaunchScreen.storyboard */,
				305B92722AFB102800553A5D /* Info.plist */,
			);
			path = AppAutos;
			sourceTree = "<group>";
		};
		305B927A2AFB102800553A5D /* AppAutosTests */ = {
			isa = PBXGroup;
			children = (
				305B927B2AFB102800553A5D /* AppAutosTests.swift */,
			);
			path = AppAutosTests;
			sourceTree = "<group>";
		};
		305B92842AFB102800553A5D /* AppAutosUITests */ = {
			isa = PBXGroup;
			children = (
				305B92852AFB102800553A5D /* AppAutosUITests.swift */,
				305B92872AFB102800553A5D /* AppAutosUITestsLaunchTests.swift */,
			);
			path = AppAutosUITests;
			sourceTree = "<group>";
		};
/* End PBXGroup section */

/* Begin PBXNativeTarget section */
		305B92602AFB102700553A5D /* AppAutos */ = {
			isa = PBXNativeTarget;
			buildConfigurationList = 305B928B2AFB102800553A5D /* Build configuration list for PBXNativeTarget "AppAutos" */;
			buildPhases = (
				305B925D2AFB102700553A5D /* Sources */,
				305B925E2AFB102700553A5D /* Frameworks */,
				305B925F2AFB102700553A5D /* Resources */,
			);
			buildRules = (
			);
			dependencies = (
			);
			name = AppAutos;
			productName = AppAutos;
			productReference = 305B92612AFB102700553A5D /* AppAutos.app */;
			productType = "com.apple.product-type.application";
		};
		305B92762AFB102800553A5D /* AppAutosTests */ = {
			isa = PBXNativeTarget;
			buildConfigurationList = 305B928E2AFB102800553A5D /* Build configuration list for PBXNativeTarget "AppAutosTests" */;
			buildPhases = (
				305B92732AFB102800553A5D /* Sources */,
				305B92742AFB102800553A5D /* Frameworks */,
				305B92752AFB102800553A5D /* Resources */,
			);
			buildRules = (
			);
			dependencies = (
				305B92792AFB102800553A5D /* PBXTargetDependency */,
			);
			name = AppAutosTests;
			productName = AppAutosTests;
			productReference = 305B92772AFB102800553A5D /* AppAutosTests.xctest */;
			productType = "com.apple.product-type.bundle.unit-test";
		};
		305B92802AFB102800553A5D /* AppAutosUITests */ = {
			isa = PBXNativeTarget;
			buildConfigurationList = 305B92912AFB102800553A5D /* Build configuration list for PBXNativeTarget "AppAutosUITests" */;
			buildPhases = (
				305B927D2AFB102800553A5D /* Sources */,
				305B927E2AFB102800553A5D /* Frameworks */,
				305B927F2AFB102800553A5D /* Resources */,
			);
			buildRules = (
			);
			dependencies = (
				305B92832AFB102800553A5D /* PBXTargetDependency */,
			);
			name = AppAutosUITests;
			productName = AppAutosUITests;
			productReference = 305B92812AFB102800553A5D /* AppAutosUITests.xctest */;
			productType = "com.apple.product-type.bundle.ui-testing";
		};
/* End PBXNativeTarget section */

/* Begin PBXProject section */
		305B92592AFB102700553A5D /* Project object */ = {
			isa = PBXProject;
			attributes = {
				BuildIndependentTargetsInParallel = 1;
				LastSwiftUpdateCheck = 1430;
				LastUpgradeCheck = 1430;
				TargetAttributes = {
					305B92602AFB102700553A5D = {
						CreatedOnToolsVersion = 14.3.1;
					};
					305B92762AFB102800553A5D = {
						CreatedOnToolsVersion = 14.3.1;
						TestTargetID = 305B92602AFB102700553A5D;
					};
					305B92802AFB102800553A5D = {
						CreatedOnToolsVersion = 14.3.1;
						TestTargetID = 305B92602AFB102700553A5D;
					};
				};
			};
			buildConfigurationList = 305B925C2AFB102700553A5D /* Build configuration list for PBXProject "AppAutos" */;
			compatibilityVersion = "Xcode 14.0";
			developmentRegion = en;
			hasScannedForEncodings = 0;
			knownRegions = (
				en,
				Base,
			);
			mainGroup = 305B92582AFB102700553A5D;
			productRefGroup = 305B92622AFB102700553A5D /* Products */;
			projectDirPath = "";
			projectRoot = "";
			targets = (
				305B92602AFB102700553A5D /* AppAutos */,
				305B92762AFB102800553A5D /* AppAutosTests */,
				305B92802AFB102800553A5D /* AppAutosUITests */,
			);
		};
/* End PBXProject section */

/* Begin PBXResourcesBuildPhase section */
		305B925F2AFB102700553A5D /* Resources */ = {
			isa = PBXResourcesBuildPhase;
			buildActionMask = 2147483647;
			files = (
				305B92712AFB102800553A5D /* LaunchScreen.storyboard in Resources */,
				305B926E2AFB102800553A5D /* Assets.xcassets in Resources */,
				305B926C2AFB102700553A5D /* Main.storyboard in Resources */,
			);
			runOnlyForDeploymentPostprocessing = 0;
		};
		305B92752AFB102800553A5D /* Resources */ = {
			isa = PBXResourcesBuildPhase;
			buildActionMask = 2147483647;
			files = (
			);
			runOnlyForDeploymentPostprocessing = 0;
		};
		305B927F2AFB102800553A5D /* Resources */ = {
			isa = PBXResourcesBuildPhase;
			buildActionMask = 2147483647;
			files = (
			);
			runOnlyForDeploymentPostprocessing = 0;
		};
/* End PBXResourcesBuildPhase section */

/* Begin PBXSourcesBuildPhase section */
		305B925D2AFB102700553A5D /* Sources */ = {
			isa = PBXSourcesBuildPhase;
			buildActionMask = 2147483647;
			files = (
				305B92692AFB102700553A5D /* ViewController.swift in Sources */,
				305B92652AFB102700553A5D /* AppDelegate.swift in Sources */,
				30FA9AE32AFB4D67001DC8E1 /* ViewControllerDetalle.swift in Sources */,
				305B92952AFB117600553A5D /* Autos.swift in Sources */,
				305B92672AFB102700553A5D /* SceneDelegate.swift in Sources */,
				30FA9AE52AFB6389001DC8E1 /* ViewControllerMaps.swift in Sources */,
			);
			runOnlyForDeploymentPostprocessing = 0;
		};
		305B92732AFB102800553A5D /* Sources */ = {
			isa = PBXSourcesBuildPhase;
			buildActionMask = 2147483647;
			files = (
				305B927C2AFB102800553A5D /* AppAutosTests.swift in Sources */,
			);
			runOnlyForDeploymentPostprocessing = 0;
		};
		305B927D2AFB102800553A5D /* Sources */ = {
			isa = PBXSourcesBuildPhase;
			buildActionMask = 2147483647;
			files = (
				305B92882AFB102800553A5D /* AppAutosUITestsLaunchTests.swift in Sources */,
				305B92862AFB102800553A5D /* AppAutosUITests.swift in Sources */,
			);
			runOnlyForDeploymentPostprocessing = 0;
		};
/* End PBXSourcesBuildPhase section */

/* Begin PBXTargetDependency section */
		305B92792AFB102800553A5D /* PBXTargetDependency */ = {
			isa = PBXTargetDependency;
			target = 305B92602AFB102700553A5D /* AppAutos */;
			targetProxy = 305B92782AFB102800553A5D /* PBXContainerItemProxy */;
		};
		305B92832AFB102800553A5D /* PBXTargetDependency */ = {
			isa = PBXTargetDependency;
			target = 305B92602AFB102700553A5D /* AppAutos */;
			targetProxy = 305B92822AFB102800553A5D /* PBXContainerItemProxy */;
		};
/* End PBXTargetDependency section */

/* Begin PBXVariantGroup section */
		305B926A2AFB102700553A5D /* Main.storyboard */ = {
			isa = PBXVariantGroup;
			children = (
				305B926B2AFB102700553A5D /* Base */,
			);
			name = Main.storyboard;
			sourceTree = "<group>";
		};
		305B926F2AFB102800553A5D /* LaunchScreen.storyboard */ = {
			isa = PBXVariantGroup;
			children = (
				305B92702AFB102800553A5D /* Base */,
			);
			name = LaunchScreen.storyboard;
			sourceTree = "<group>";
		};
/* End PBXVariantGroup section */

/* Begin XCBuildConfiguration section */
		305B92892AFB102800553A5D /* Debug */ = {
			isa = XCBuildConfiguration;
			buildSettings = {
				ALWAYS_SEARCH_USER_PATHS = NO;
				CLANG_ANALYZER_NONNULL = YES;
				CLANG_ANALYZER_NUMBER_OBJECT_CONVERSION = YES_AGGRESSIVE;
				CLANG_CXX_LANGUAGE_STANDARD = "gnu++20";
				CLANG_ENABLE_MODULES = YES;
				CLANG_ENABLE_OBJC_ARC = YES;
				CLANG_ENABLE_OBJC_WEAK = YES;
				CLANG_WARN_BLOCK_CAPTURE_AUTORELEASING = YES;
				CLANG_WARN_BOOL_CONVERSION = YES;
				CLANG_WARN_COMMA = YES;
				CLANG_WARN_CONSTANT_CONVERSION = YES;
				CLANG_WARN_DEPRECATED_OBJC_IMPLEMENTATIONS = YES;
				CLANG_WARN_DIRECT_OBJC_ISA_USAGE = YES_ERROR;
				CLANG_WARN_DOCUMENTATION_COMMENTS = YES;
				CLANG_WARN_EMPTY_BODY = YES;
				CLANG_WARN_ENUM_CONVERSION = YES;
				CLANG_WARN_INFINITE_RECURSION = YES;
				CLANG_WARN_INT_CONVERSION = YES;
				CLANG_WARN_NON_LITERAL_NULL_CONVERSION = YES;
				CLANG_WARN_OBJC_IMPLICIT_RETAIN_SELF = YES;
				CLANG_WARN_OBJC_LITERAL_CONVERSION = YES;
				CLANG_WARN_OBJC_ROOT_CLASS = YES_ERROR;
				CLANG_WARN_QUOTED_INCLUDE_IN_FRAMEWORK_HEADER = YES;
				CLANG_WARN_RANGE_LOOP_ANALYSIS = YES;
				CLANG_WARN_STRICT_PROTOTYPES = YES;
				CLANG_WARN_SUSPICIOUS_MOVE = YES;
				CLANG_WARN_UNGUARDED_AVAILABILITY = YES_AGGRESSIVE;
				CLANG_WARN_UNREACHABLE_CODE = YES;
				CLANG_WARN__DUPLICATE_METHOD_MATCH = YES;
				COPY_PHASE_STRIP = NO;
				DEBUG_INFORMATION_FORMAT = dwarf;
				ENABLE_STRICT_OBJC_MSGSEND = YES;
				ENABLE_TESTABILITY = YES;
				GCC_C_LANGUAGE_STANDARD = gnu11;
				GCC_DYNAMIC_NO_PIC = NO;
				GCC_NO_COMMON_BLOCKS = YES;
				GCC_OPTIMIZATION_LEVEL = 0;
				GCC_PREPROCESSOR_DEFINITIONS = (
					"DEBUG=1",
					"$(inherited)",
				);
				GCC_WARN_64_TO_32_BIT_CONVERSION = YES;
				GCC_WARN_ABOUT_RETURN_TYPE = YES_ERROR;
				GCC_WARN_UNDECLARED_SELECTOR = YES;
				GCC_WARN_UNINITIALIZED_AUTOS = YES_AGGRESSIVE;
				GCC_WARN_UNUSED_FUNCTION = YES;
				GCC_WARN_UNUSED_VARIABLE = YES;
				IPHONEOS_DEPLOYMENT_TARGET = 16.4;
				MTL_ENABLE_DEBUG_INFO = INCLUDE_SOURCE;
				MTL_FAST_MATH = YES;
				ONLY_ACTIVE_ARCH = YES;
				SDKROOT = iphoneos;
				SWIFT_ACTIVE_COMPILATION_CONDITIONS = DEBUG;
				SWIFT_OPTIMIZATION_LEVEL = "-Onone";
			};
			name = Debug;
		};
		305B928A2AFB102800553A5D /* Release */ = {
			isa = XCBuildConfiguration;
			buildSettings = {
				ALWAYS_SEARCH_USER_PATHS = NO;
				CLANG_ANALYZER_NONNULL = YES;
				CLANG_ANALYZER_NUMBER_OBJECT_CONVERSION = YES_AGGRESSIVE;
				CLANG_CXX_LANGUAGE_STANDARD = "gnu++20";
				CLANG_ENABLE_MODULES = YES;
				CLANG_ENABLE_OBJC_ARC = YES;
				CLANG_ENABLE_OBJC_WEAK = YES;
				CLANG_WARN_BLOCK_CAPTURE_AUTORELEASING = YES;
				CLANG_WARN_BOOL_CONVERSION = YES;
				CLANG_WARN_COMMA = YES;
				CLANG_WARN_CONSTANT_CONVERSION = YES;
				CLANG_WARN_DEPRECATED_OBJC_IMPLEMENTATIONS = YES;
				CLANG_WARN_DIRECT_OBJC_ISA_USAGE = YES_ERROR;
				CLANG_WARN_DOCUMENTATION_COMMENTS = YES;
				CLANG_WARN_EMPTY_BODY = YES;
				CLANG_WARN_ENUM_CONVERSION = YES;
				CLANG_WARN_INFINITE_RECURSION = YES;
				CLANG_WARN_INT_CONVERSION = YES;
				CLANG_WARN_NON_LITERAL_NULL_CONVERSION = YES;
				CLANG_WARN_OBJC_IMPLICIT_RETAIN_SELF = YES;
				CLANG_WARN_OBJC_LITERAL_CONVERSION = YES;
				CLANG_WARN_OBJC_ROOT_CLASS = YES_ERROR;
				CLANG_WARN_QUOTED_INCLUDE_IN_FRAMEWORK_HEADER = YES;
				CLANG_WARN_RANGE_LOOP_ANALYSIS = YES;
				CLANG_WARN_STRICT_PROTOTYPES = YES;
				CLANG_WARN_SUSPICIOUS_MOVE = YES;
				CLANG_WARN_UNGUARDED_AVAILABILITY = YES_AGGRESSIVE;
				CLANG_WARN_UNREACHABLE_CODE = YES;
				CLANG_WARN__DUPLICATE_METHOD_MATCH = YES;
				COPY_PHASE_STRIP = NO;
				DEBUG_INFORMATION_FORMAT = "dwarf-with-dsym";
				ENABLE_NS_ASSERTIONS = NO;
				ENABLE_STRICT_OBJC_MSGSEND = YES;
				GCC_C_LANGUAGE_STANDARD = gnu11;
				GCC_NO_COMMON_BLOCKS = YES;
				GCC_WARN_64_TO_32_BIT_CONVERSION = YES;
				GCC_WARN_ABOUT_RETURN_TYPE = YES_ERROR;
				GCC_WARN_UNDECLARED_SELECTOR = YES;
				GCC_WARN_UNINITIALIZED_AUTOS = YES_AGGRESSIVE;
				GCC_WARN_UNUSED_FUNCTION = YES;
				GCC_WARN_UNUSED_VARIABLE = YES;
				IPHONEOS_DEPLOYMENT_TARGET = 16.4;
				MTL_ENABLE_DEBUG_INFO = NO;
				MTL_FAST_MATH = YES;
				SDKROOT = iphoneos;
				SWIFT_COMPILATION_MODE = wholemodule;
				SWIFT_OPTIMIZATION_LEVEL = "-O";
				VALIDATE_PRODUCT = YES;
			};
			name = Release;
		};
		305B928C2AFB102800553A5D /* Debug */ = {
			isa = XCBuildConfiguration;
			buildSettings = {
				ASSETCATALOG_COMPILER_APPICON_NAME = AppIcon;
				ASSETCATALOG_COMPILER_GLOBAL_ACCENT_COLOR_NAME = AccentColor;
				CODE_SIGN_STYLE = Automatic;
				CURRENT_PROJECT_VERSION = 1;
				GENERATE_INFOPLIST_FILE = YES;
				INFOPLIST_FILE = AppAutos/Info.plist;
				INFOPLIST_KEY_UIApplicationSupportsIndirectInputEvents = YES;
				INFOPLIST_KEY_UILaunchStoryboardName = LaunchScreen;
				INFOPLIST_KEY_UIMainStoryboardFile = Main;
				INFOPLIST_KEY_UISupportedInterfaceOrientations_iPad = "UIInterfaceOrientationPortrait UIInterfaceOrientationPortraitUpsideDown UIInterfaceOrientationLandscapeLeft UIInterfaceOrientationLandscapeRight";
				INFOPLIST_KEY_UISupportedInterfaceOrientations_iPhone = "UIInterfaceOrientationPortrait UIInterfaceOrientationLandscapeLeft UIInterfaceOrientationLandscapeRight";
				LD_RUNPATH_SEARCH_PATHS = (
					"$(inherited)",
					"@executable_path/Frameworks",
				);
				MARKETING_VERSION = 1.0;
				PRODUCT_BUNDLE_IDENTIFIER = robert.AppAutos;
				PRODUCT_NAME = "$(TARGET_NAME)";
				SWIFT_EMIT_LOC_STRINGS = YES;
				SWIFT_VERSION = 5.0;
				TARGETED_DEVICE_FAMILY = "1,2";
			};
			name = Debug;
		};
		305B928D2AFB102800553A5D /* Release */ = {
			isa = XCBuildConfiguration;
			buildSettings = {
				ASSETCATALOG_COMPILER_APPICON_NAME = AppIcon;
				ASSETCATALOG_COMPILER_GLOBAL_ACCENT_COLOR_NAME = AccentColor;
				CODE_SIGN_STYLE = Automatic;
				CURRENT_PROJECT_VERSION = 1;
				GENERATE_INFOPLIST_FILE = YES;
				INFOPLIST_FILE = AppAutos/Info.plist;
				INFOPLIST_KEY_UIApplicationSupportsIndirectInputEvents = YES;
				INFOPLIST_KEY_UILaunchStoryboardName = LaunchScreen;
				INFOPLIST_KEY_UIMainStoryboardFile = Main;
				INFOPLIST_KEY_UISupportedInterfaceOrientations_iPad = "UIInterfaceOrientationPortrait UIInterfaceOrientationPortraitUpsideDown UIInterfaceOrientationLandscapeLeft UIInterfaceOrientationLandscapeRight";
				INFOPLIST_KEY_UISupportedInterfaceOrientations_iPhone = "UIInterfaceOrientationPortrait UIInterfaceOrientationLandscapeLeft UIInterfaceOrientationLandscapeRight";
				LD_RUNPATH_SEARCH_PATHS = (
					"$(inherited)",
					"@executable_path/Frameworks",
				);
				MARKETING_VERSION = 1.0;
				PRODUCT_BUNDLE_IDENTIFIER = robert.AppAutos;
				PRODUCT_NAME = "$(TARGET_NAME)";
				SWIFT_EMIT_LOC_STRINGS = YES;
				SWIFT_VERSION = 5.0;
				TARGETED_DEVICE_FAMILY = "1,2";
			};
			name = Release;
		};
		305B928F2AFB102800553A5D /* Debug */ = {
			isa = XCBuildConfiguration;
			buildSettings = {
				ALWAYS_EMBED_SWIFT_STANDARD_LIBRARIES = YES;
				BUNDLE_LOADER = "$(TEST_HOST)";
				CODE_SIGN_STYLE = Automatic;
				CURRENT_PROJECT_VERSION = 1;
				GENERATE_INFOPLIST_FILE = YES;
				IPHONEOS_DEPLOYMENT_TARGET = 16.4;
				MARKETING_VERSION = 1.0;
				PRODUCT_BUNDLE_IDENTIFIER = robert.AppAutosTests;
				PRODUCT_NAME = "$(TARGET_NAME)";
				SWIFT_EMIT_LOC_STRINGS = NO;
				SWIFT_VERSION = 5.0;
				TARGETED_DEVICE_FAMILY = "1,2";
				TEST_HOST = "$(BUILT_PRODUCTS_DIR)/AppAutos.app/$(BUNDLE_EXECUTABLE_FOLDER_PATH)/AppAutos";
			};
			name = Debug;
		};
		305B92902AFB102800553A5D /* Release */ = {
			isa = XCBuildConfiguration;
			buildSettings = {
				ALWAYS_EMBED_SWIFT_STANDARD_LIBRARIES = YES;
				BUNDLE_LOADER = "$(TEST_HOST)";
				CODE_SIGN_STYLE = Automatic;
				CURRENT_PROJECT_VERSION = 1;
				GENERATE_INFOPLIST_FILE = YES;
				IPHONEOS_DEPLOYMENT_TARGET = 16.4;
				MARKETING_VERSION = 1.0;
				PRODUCT_BUNDLE_IDENTIFIER = robert.AppAutosTests;
				PRODUCT_NAME = "$(TARGET_NAME)";
				SWIFT_EMIT_LOC_STRINGS = NO;
				SWIFT_VERSION = 5.0;
				TARGETED_DEVICE_FAMILY = "1,2";
				TEST_HOST = "$(BUILT_PRODUCTS_DIR)/AppAutos.app/$(BUNDLE_EXECUTABLE_FOLDER_PATH)/AppAutos";
			};
			name = Release;
		};
		305B92922AFB102800553A5D /* Debug */ = {
			isa = XCBuildConfiguration;
			buildSettings = {
				ALWAYS_EMBED_SWIFT_STANDARD_LIBRARIES = YES;
				CODE_SIGN_STYLE = Automatic;
				CURRENT_PROJECT_VERSION = 1;
				GENERATE_INFOPLIST_FILE = YES;
				MARKETING_VERSION = 1.0;
				PRODUCT_BUNDLE_IDENTIFIER = robert.AppAutosUITests;
				PRODUCT_NAME = "$(TARGET_NAME)";
				SWIFT_EMIT_LOC_STRINGS = NO;
				SWIFT_VERSION = 5.0;
				TARGETED_DEVICE_FAMILY = "1,2";
				TEST_TARGET_NAME = AppAutos;
			};
			name = Debug;
		};
		305B92932AFB102800553A5D /* Release */ = {
			isa = XCBuildConfiguration;
			buildSettings = {
				ALWAYS_EMBED_SWIFT_STANDARD_LIBRARIES = YES;
				CODE_SIGN_STYLE = Automatic;
				CURRENT_PROJECT_VERSION = 1;
				GENERATE_INFOPLIST_FILE = YES;
				MARKETING_VERSION = 1.0;
				PRODUCT_BUNDLE_IDENTIFIER = robert.AppAutosUITests;
				PRODUCT_NAME = "$(TARGET_NAME)";
				SWIFT_EMIT_LOC_STRINGS = NO;
				SWIFT_VERSION = 5.0;
				TARGETED_DEVICE_FAMILY = "1,2";
				TEST_TARGET_NAME = AppAutos;
			};
			name = Release;
		};
/* End XCBuildConfiguration section */

/* Begin XCConfigurationList section */
		305B925C2AFB102700553A5D /* Build configuration list for PBXProject "AppAutos" */ = {
			isa = XCConfigurationList;
			buildConfigurations = (
				305B92892AFB102800553A5D /* Debug */,
				305B928A2AFB102800553A5D /* Release */,
			);
			defaultConfigurationIsVisible = 0;
			defaultConfigurationName = Release;
		};
		305B928B2AFB102800553A5D /* Build configuration list for PBXNativeTarget "AppAutos" */ = {
			isa = XCConfigurationList;
			buildConfigurations = (
				305B928C2AFB102800553A5D /* Debug */,
				305B928D2AFB102800553A5D /* Release */,
			);
			defaultConfigurationIsVisible = 0;
			defaultConfigurationName = Release;
		};
		305B928E2AFB102800553A5D /* Build configuration list for PBXNativeTarget "AppAutosTests" */ = {
			isa = XCConfigurationList;
			buildConfigurations = (
				305B928F2AFB102800553A5D /* Debug */,
				305B92902AFB102800553A5D /* Release */,
			);
			defaultConfigurationIsVisible = 0;
			defaultConfigurationName = Release;
		};
		305B92912AFB102800553A5D /* Build configuration list for PBXNativeTarget "AppAutosUITests" */ = {
			isa = XCConfigurationList;
			buildConfigurations = (
				305B92922AFB102800553A5D /* Debug */,
				305B92932AFB102800553A5D /* Release */,
			);
			defaultConfigurationIsVisible = 0;
			defaultConfigurationName = Release;
		};
/* End XCConfigurationList section */
	};
	rootObject = 305B92592AFB102700553A5D /* Project object */;
}
